
Microsoft Visual Studio Solution File, Format Version 12.00
# Visual Studio Version 16
VisualStudioVersion = 16.0.29409.12
MinimumVisualStudioVersion = 10.0.40219.1
Project("{9A19103F-16F7-4668-BE54-9A1E7A4F7556}") = "Wpf_intra", "Wpf_intra\Wpf_intra.csproj", "{C44E3859-F9B2-48DD-A29A-735FF8DF4DE8}"
EndProject
Project("{FAE04EC0-301F-11D3-BF4B-00C04F79EFBC}") = "intra_models", "intra_models\intra_models.csproj", "{71EA0B67-3C55-49D5-9D5C-00F8D8CD731D}"
EndProject
Project("{FAE04EC0-301F-11D3-BF4B-00C04F79EFBC}") = "Gestionnaire_Clients", "Gestionnaire_Clients\Gestionnaire_Clients.csproj", "{490CA1D9-673F-40BE-98BF-5D74EBAD51EE}"
EndProject
Global
	GlobalSection(SolutionConfigurationPlatforms) = preSolution
		Debug|Any CPU = Debug|Any CPU
		Release|Any CPU = Release|Any CPU
	EndGlobalSection
	GlobalSection(ProjectConfigurationPlatforms) = postSolution
		{C44E3859-F9B2-48DD-A29A-735FF8DF4DE8}.Debug|Any CPU.ActiveCfg = Debug|Any CPU
		{C44E3859-F9B2-48DD-A29A-735FF8DF4DE8}.Debug|Any CPU.Build.0 = Debug|Any CPU
		{C44E3859-F9B2-48DD-A29A-735FF8DF4DE8}.Release|Any CPU.ActiveCfg = Release|Any CPU
		{C44E3859-F9B2-48DD-A29A-735FF8DF4DE8}.Release|Any CPU.Build.0 = Release|Any CPU
		{71EA0B67-3C55-49D5-9D5C-00F8D8CD731D}.Debug|Any CPU.ActiveCfg = Debug|Any CPU
		{71EA0B67-3C55-49D5-9D5C-00F8D8CD731D}.Debug|Any CPU.Build.0 = Debug|Any CPU
		{71EA0B67-3C55-49D5-9D5C-00F8D8CD731D}.Release|Any CPU.ActiveCfg = Release|Any CPU
		{71EA0B67-3C55-49D5-9D5C-00F8D8CD731D}.Release|Any CPU.Build.0 = Release|Any CPU
		{490CA1D9-673F-40BE-98BF-5D74EBAD51EE}.Debug|Any CPU.ActiveCfg = Debug|Any CPU
		{490CA1D9-673F-40BE-98BF-5D74EBAD51EE}.Debug|Any CPU.Build.0 = Debug|Any CPU
		{490CA1D9-673F-40BE-98BF-5D74EBAD51EE}.Release|Any CPU.ActiveCfg = Release|Any CPU
		{490CA1D9-673F-40BE-98BF-5D74EBAD51EE}.Release|Any CPU.Build.0 = Release|Any CPU
	EndGlobalSection
	GlobalSection(SolutionProperties) = preSolution
		HideSolutionNode = FALSE
	EndGlobalSection
	GlobalSection(ExtensibilityGlobals) = postSolution
		SolutionGuid = {07ABC41C-14BA-423C-B4A7-986EADEAB08C}
	EndGlobalSection
EndGlobal
